<?xml version="1.0" encoding="utf-8"?>
<Project ToolsVersion="4.0" xmlns="http://schemas.microsoft.com/developer/msbuild/2003">
  <ItemGroup>
    <Filter Include="소스 파일">
      <UniqueIdentifier>{4FC737F1-C7A5-4376-A066-2A32D752A2FF}</UniqueIdentifier>
      <Extensions>cpp;c;cc;cxx;def;odl;idl;hpj;bat;asm;asmx</Extensions>
    </Filter>
    <Filter Include="헤더 파일">
      <UniqueIdentifier>{93995380-89BD-4b04-88EB-625FBE52EBFB}</UniqueIdentifier>
      <Extensions>h;hpp;hxx;hm;inl;inc;xsd</Extensions>
    </Filter>
    <Filter Include="리소스 파일">
      <UniqueIdentifier>{67DA6AB6-F800-4c08-8B7A-83BB121AAD01}</UniqueIdentifier>
      <Extensions>rc;ico;cur;bmp;dlg;rc2;rct;bin;rgs;gif;jpg;jpeg;jpe;resx;tiff;tif;png;wav</Extensions>
    </Filter>
  </ItemGroup>
  <ItemGroup>
    <ClCompile Include="LPR.cpp">
      <Filter>소스 파일</Filter>
    </ClCompile>
    <ClCompile Include="LPR_BASIC.cpp">
      <Filter>소스 파일</Filter>
    </ClCompile>
    <ClCompile Include="LPR_CHAR.cpp">
      <Filter>소스 파일</Filter>
    </ClCompile>
    <ClCompile Include="LPR_COMMON.cpp">
      <Filter>소스 파일</Filter>
    </ClCompile>
    <ClCompile Include="LPR_DIP.cpp">
      <Filter>소스 파일</Filter>
    </ClCompile>
    <ClCompile Include="LPR_PLATE.cpp">
      <Filter>소스 파일</Filter>
    </ClCompile>
    <ClCompile Include="stdafx.cpp">
      <Filter>소스 파일</Filter>
    </ClCompile>
    <ClCompile Include="..\include\TK_CONF.cpp">
      <Filter>소스 파일</Filter>
    </ClCompile>
    <ClCompile Include="..\include\TK_LIB_API.cpp">
      <Filter>소스 파일</Filter>
    </ClCompile>
    <ClCompile Include="..\include\TK_LIB_Helper.cpp">
      <Filter>소스 파일</Filter>
    </ClCompile>
    <ClCompile Include="TK_LPR.cpp">
      <Filter>소스 파일</Filter>
    </ClCompile>
  </ItemGroup>
  <ItemGroup>
    <ClInclude Include="LPR.h">
      <Filter>헤더 파일</Filter>
    </ClInclude>
    <ClInclude Include="LPR_BASIC.h">
      <Filter>헤더 파일</Filter>
    </ClInclude>
    <ClInclude Include="LPR_CHAR.h">
      <Filter>헤더 파일</Filter>
    </ClInclude>
    <ClInclude Include="LPR_COMMON.h">
      <Filter>헤더 파일</Filter>
    </ClInclude>
    <ClInclude Include="LPR_DIP.h">
      <Filter>헤더 파일</Filter>
    </ClInclude>
    <ClInclude Include="LPR_PLATE.h">
      <Filter>헤더 파일</Filter>
    </ClInclude>
    <ClInclude Include="stdafx.h">
      <Filter>헤더 파일</Filter>
    </ClInclude>
    <ClInclude Include="..\include\TK_CONF.h">
      <Filter>헤더 파일</Filter>
    </ClInclude>
    <ClInclude Include="..\include\TK_LIB_API.h">
      <Filter>헤더 파일</Filter>
    </ClInclude>
    <ClInclude Include="..\include\TK_LIB_Helper.h">
      <Filter>헤더 파일</Filter>
    </ClInclude>
    <ClInclude Include="TK_LPR.h">
      <Filter>헤더 파일</Filter>
    </ClInclude>
    <ClInclude Include="..\include\TK_TYPE.h">
      <Filter>헤더 파일</Filter>
    </ClInclude>
  </ItemGroup>
  <ItemGroup>
    <None Include="TK_LPR.def">
      <Filter>헤더 파일</Filter>
    </None>
  </ItemGroup>
  <ItemGroup>
    <Text Include="ReadMe.txt" />
  </ItemGroup>
</Project>